
Microsoft Visual Studio Solution File, Format Version 12.00
Project("{FAE04EC0-301F-11D3-BF4B-00C04F79EFBC}") = "TollCalculator", "TollCalculator\TollCalculator.csproj", "{0030E43C-45EA-45DF-9F08-4FA4DDD77487}"
EndProject
Project("{FAE04EC0-301F-11D3-BF4B-00C04F79EFBC}") = "TollCalculator.Tests", "TollCalculator.Tests\TollCalculator.Tests.csproj", "{1BA72B4F-BBDB-4711-8FDD-E7FBFBBD3FDF}"
EndProject
Global
	GlobalSection(SolutionConfigurationPlatforms) = preSolution
		Debug|Any CPU = Debug|Any CPU
		Release|Any CPU = Release|Any CPU
	EndGlobalSection
	GlobalSection(ProjectConfigurationPlatforms) = postSolution
		{0030E43C-45EA-45DF-9F08-4FA4DDD77487}.Debug|Any CPU.ActiveCfg = Debug|Any CPU
		{0030E43C-45EA-45DF-9F08-4FA4DDD77487}.Debug|Any CPU.Build.0 = Debug|Any CPU
		{0030E43C-45EA-45DF-9F08-4FA4DDD77487}.Release|Any CPU.ActiveCfg = Release|Any CPU
		{0030E43C-45EA-45DF-9F08-4FA4DDD77487}.Release|Any CPU.Build.0 = Release|Any CPU
		{1BA72B4F-BBDB-4711-8FDD-E7FBFBBD3FDF}.Debug|Any CPU.ActiveCfg = Debug|Any CPU
		{1BA72B4F-BBDB-4711-8FDD-E7FBFBBD3FDF}.Debug|Any CPU.Build.0 = Debug|Any CPU
		{1BA72B4F-BBDB-4711-8FDD-E7FBFBBD3FDF}.Release|Any CPU.ActiveCfg = Release|Any CPU
		{1BA72B4F-BBDB-4711-8FDD-E7FBFBBD3FDF}.Release|Any CPU.Build.0 = Release|Any CPU
	EndGlobalSection
EndGlobal
